
Microsoft Visual Studio Solution File, Format Version 12.00
# Visual Studio Version 17
VisualStudioVersion = 17.12.35707.178
MinimumVisualStudioVersion = 10.0.40219.1
Project("{FAE04EC0-301F-11D3-BF4B-00C04F79EFBC}") = "atoz.net", "atoz.net\atoz.net.csproj", "{7E26B433-C9F7-45CC-9B15-F656DD86A962}"
EndProject
Project("{FAE04EC0-301F-11D3-BF4B-00C04F79EFBC}") = "TestApp.Console", "TestApp.Console\TestApp.Console.csproj", "{914B145F-8F76-4594-88E1-248389030E72}"
EndProject
Global
	GlobalSection(SolutionConfigurationPlatforms) = preSolution
		Debug|Any CPU = Debug|Any CPU
		Release|Any CPU = Release|Any CPU
	EndGlobalSection
	GlobalSection(ProjectConfigurationPlatforms) = postSolution
		{7E26B433-C9F7-45CC-9B15-F656DD86A962}.Debug|Any CPU.ActiveCfg = Debug|Any CPU
		{7E26B433-C9F7-45CC-9B15-F656DD86A962}.Debug|Any CPU.Build.0 = Debug|Any CPU
		{7E26B433-C9F7-45CC-9B15-F656DD86A962}.Release|Any CPU.ActiveCfg = Release|Any CPU
		{7E26B433-C9F7-45CC-9B15-F656DD86A962}.Release|Any CPU.Build.0 = Release|Any CPU
		{914B145F-8F76-4594-88E1-248389030E72}.Debug|Any CPU.ActiveCfg = Debug|Any CPU
		{914B145F-8F76-4594-88E1-248389030E72}.Debug|Any CPU.Build.0 = Debug|Any CPU
		{914B145F-8F76-4594-88E1-248389030E72}.Release|Any CPU.ActiveCfg = Release|Any CPU
		{914B145F-8F76-4594-88E1-248389030E72}.Release|Any CPU.Build.0 = Release|Any CPU
	EndGlobalSection
	GlobalSection(SolutionProperties) = preSolution
		HideSolutionNode = FALSE
	EndGlobalSection
EndGlobal
